
Microsoft Visual Studio Solution File, Format Version 12.00
# Visual Studio Version 17
VisualStudioVersion = 17.9.34902.65
MinimumVisualStudioVersion = 10.0.40219.1
Project("{C9674DCB-5085-4A16-B785-4C70DD1589BD}") = "ftp-to-postgresql", "ftp-to-postgresql\ftp-to-postgresql.dtproj", "{6A3E8940-28F3-4AF7-86F8-82C8BDEAB254}"
EndProject
Global
	GlobalSection(SolutionConfigurationPlatforms) = preSolution
		Development|Default = Development|Default
	EndGlobalSection
	GlobalSection(ProjectConfigurationPlatforms) = postSolution
		{6A3E8940-28F3-4AF7-86F8-82C8BDEAB254}.Development|Default.ActiveCfg = Development
		{6A3E8940-28F3-4AF7-86F8-82C8BDEAB254}.Development|Default.Build.0 = Development
	EndGlobalSection
	GlobalSection(SolutionProperties) = preSolution
		HideSolutionNode = FALSE
	EndGlobalSection
	GlobalSection(ExtensibilityGlobals) = postSolution
		SolutionGuid = {86223BDA-880F-4875-B13F-326004B8FB97}
	EndGlobalSection
EndGlobal
